PODS:
  - Bugly (2.5.71)
  - bugly_plugin (0.0.1):
    - Bugly
    - Flutter
  - Flutter (1.0.0)

DEPENDENCIES:
  - bugly_plugin (from `.symlinks/plugins/bugly_plugin/ios`)
  - Flutter (from `Flutter`)

SPEC REPOS:
  trunk:
    - Bugly

EXTERNAL SOURCES:
  bugly_plugin:
    :path: ".symlinks/plugins/bugly_plugin/ios"
  Flutter:
    :path: Flutter

SPEC CHECKSUMS:
  Bugly: fd066c75c4a0eca1440f9b6a84bd37d51bfc85ac
  bugly_plugin: 95acb4a827710649f687c7f21464bb44b710554e
  Flutter: 0e3d915762c693b495b44d77113d4970485de6ec

PODFILE CHECKSUM: 3aaee2e660a2a825e7c3beecb0e4a334b934f851

COCOAPODS: 1.8.3
